// !$*UTF8*$!
{
	archiveVersion = 1;
	classes = {
	};
	objectVersion = 55;
	objects = {

/* Begin PBXBuildFile section */
		73022F2E2B22F5AD00972959 /* CFABaseController.swift in Sources */ = {isa = PBXBuildFile; fileRef = 73022F2D2B22F5AD00972959 /* CFABaseController.swift */; };
		73022F312B23316700972959 /* FactsTableViewCell.swift in Sources */ = {isa = PBXBuildFile; fileRef = 73022F302B23316700972959 /* FactsTableViewCell.swift */; };
		7333771C2B62DEF2000A0511 /* SnapKit in Frameworks */ = {isa = PBXBuildFile; productRef = 7333771B2B62DEF2000A0511 /* SnapKit */; };
		7365DF0E2B67D53A0072FA8C /* CoreDataManager.swift in Sources */ = {isa = PBXBuildFile; fileRef = 7365DF0D2B67D53A0072FA8C /* CoreDataManager.swift */; };
		7365DF102B67D54F0072FA8C /* NetDataManager.swift in Sources */ = {isa = PBXBuildFile; fileRef = 7365DF0F2B67D54F0072FA8C /* NetDataManager.swift */; };
		7365DF122B67E1D80072FA8C /* FactsViewPresenter.swift in Sources */ = {isa = PBXBuildFile; fileRef = 7365DF112B67E1D80072FA8C /* FactsViewPresenter.swift */; };
		7365DF152B67E3390072FA8C /* SettingsViewPresenter.swift in Sources */ = {isa = PBXBuildFile; fileRef = 7365DF142B67E3390072FA8C /* SettingsViewPresenter.swift */; };
		7365DF172B67E70C0072FA8C /* SingleFactViewPresenter.swift in Sources */ = {isa = PBXBuildFile; fileRef = 7365DF162B67E70C0072FA8C /* SingleFactViewPresenter.swift */; };
		736CDEA32B26F13B0037BA84 /* SingleFactEditingViewController.swift in Sources */ = {isa = PBXBuildFile; fileRef = 736CDEA22B26F13B0037BA84 /* SingleFactEditingViewController.swift */; };
		736CDEA52B27490D0037BA84 /* CFABaseButton.swift in Sources */ = {isa = PBXBuildFile; fileRef = 736CDEA42B27490D0037BA84 /* CFABaseButton.swift */; };
		737904C32B25E8C7001389C5 /* SingleFactShowingViewController.swift in Sources */ = {isa = PBXBuildFile; fileRef = 737904C22B25E8C7001389C5 /* SingleFactShowingViewController.swift */; };
		737D0E892B21C91D0081BD68 /* Resources.swift in Sources */ = {isa = PBXBuildFile; fileRef = 737D0E882B21C91D0081BD68 /* Resources.swift */; };
		73826F792B20948200A26E00 /* AppDelegate.swift in Sources */ = {isa = PBXBuildFile; fileRef = 73826F782B20948200A26E00 /* AppDelegate.swift */; };
		73826F7B2B20948200A26E00 /* SceneDelegate.swift in Sources */ = {isa = PBXBuildFile; fileRef = 73826F7A2B20948200A26E00 /* SceneDelegate.swift */; };
		73826F7D2B20948200A26E00 /* TabBarController.swift in Sources */ = {isa = PBXBuildFile; fileRef = 73826F7C2B20948200A26E00 /* TabBarController.swift */; };
		73826F822B20948400A26E00 /* Assets.xcassets in Resources */ = {isa = PBXBuildFile; fileRef = 73826F812B20948400A26E00 /* Assets.xcassets */; };
		73826F852B20948400A26E00 /* LaunchScreen.storyboard in Resources */ = {isa = PBXBuildFile; fileRef = 73826F832B20948400A26E00 /* LaunchScreen.storyboard */; };
		73826F902B20948400A26E00 /* CatFactsAppTests.swift in Sources */ = {isa = PBXBuildFile; fileRef = 73826F8F2B20948400A26E00 /* CatFactsAppTests.swift */; };
		73826F9A2B20948500A26E00 /* CatFactsAppUITests.swift in Sources */ = {isa = PBXBuildFile; fileRef = 73826F992B20948500A26E00 /* CatFactsAppUITests.swift */; };
		73826F9C2B20948500A26E00 /* CatFactsAppUITestsLaunchTests.swift in Sources */ = {isa = PBXBuildFile; fileRef = 73826F9B2B20948500A26E00 /* CatFactsAppUITestsLaunchTests.swift */; };
		738548D32B21E96200A32156 /* FactsViewController.swift in Sources */ = {isa = PBXBuildFile; fileRef = 738548D22B21E96200A32156 /* FactsViewController.swift */; };
		738548D52B21EB0400A32156 /* SettingsViewController.swift in Sources */ = {isa = PBXBuildFile; fileRef = 738548D42B21EB0400A32156 /* SettingsViewController.swift */; };
		738548DC2B21FB6000A32156 /* Fact.swift in Sources */ = {isa = PBXBuildFile; fileRef = 738548DB2B21FB6000A32156 /* Fact.swift */; };
		738548E12B2206C900A32156 /* NavBarController.swift in Sources */ = {isa = PBXBuildFile; fileRef = 738548E02B2206C900A32156 /* NavBarController.swift */; };
		738548E32B2208A100A32156 /* UIView + Ext.swift in Sources */ = {isa = PBXBuildFile; fileRef = 738548E22B2208A100A32156 /* UIView + Ext.swift */; };
		738E60202B3D6D1500B4DE56 /* MTUserDefaults.swift in Sources */ = {isa = PBXBuildFile; fileRef = 738E601F2B3D6D1500B4DE56 /* MTUserDefaults.swift */; };
		73921E3B2B286DC9005D5D44 /* NetworkingService.swift in Sources */ = {isa = PBXBuildFile; fileRef = 73921E3A2B286DC9005D5D44 /* NetworkingService.swift */; };
		73984C282B3C0C250082385E /* SettingsCollectionViewCell.swift in Sources */ = {isa = PBXBuildFile; fileRef = 73984C272B3C0C250082385E /* SettingsCollectionViewCell.swift */; };
		73984C2A2B3C1B210082385E /* SettingsCollectionView.swift in Sources */ = {isa = PBXBuildFile; fileRef = 73984C292B3C1B210082385E /* SettingsCollectionView.swift */; };
		7398B6722B32D0EA00089EBD /* Model.xcdatamodeld in Sources */ = {isa = PBXBuildFile; fileRef = 7398B6702B32D0EA00089EBD /* Model.xcdatamodeld */; };
		73B3EFAD2B35BED90072627B /* UserFact + Ext.swift in Sources */ = {isa = PBXBuildFile; fileRef = 73B3EFAC2B35BED90072627B /* UserFact + Ext.swift */; };
		73B3EFAF2B35BEEA0072627B /* SavedFact + Ext.swift in Sources */ = {isa = PBXBuildFile; fileRef = 73B3EFAE2B35BEEA0072627B /* SavedFact + Ext.swift */; };
/* End PBXBuildFile section */

/* Begin PBXContainerItemProxy section */
		73826F8C2B20948400A26E00 /* PBXContainerItemProxy */ = {
			isa = PBXContainerItemProxy;
			containerPortal = 73826F6D2B20948200A26E00 /* Project object */;
			proxyType = 1;
			remoteGlobalIDString = 73826F742B20948200A26E00;
			remoteInfo = CatFactsApp;
		};
		73826F962B20948500A26E00 /* PBXContainerItemProxy */ = {
			isa = PBXContainerItemProxy;
			containerPortal = 73826F6D2B20948200A26E00 /* Project object */;
			proxyType = 1;
			remoteGlobalIDString = 73826F742B20948200A26E00;
			remoteInfo = CatFactsApp;
		};
/* End PBXContainerItemProxy section */

/* Begin PBXFileReference section */
		73022F2D2B22F5AD00972959 /* CFABaseController.swift */ = {isa = PBXFileReference; lastKnownFileType = sourcecode.swift; path = CFABaseController.swift; sourceTree = "<group>"; };
		73022F302B23316700972959 /* FactsTableViewCell.swift */ = {isa = PBXFileReference; lastKnownFileType = sourcecode.swift; path = FactsTableViewCell.swift; sourceTree = "<group>"; };
		7365DF0D2B67D53A0072FA8C /* CoreDataManager.swift */ = {isa = PBXFileReference; lastKnownFileType = sourcecode.swift; path = CoreDataManager.swift; sourceTree = "<group>"; };
		7365DF0F2B67D54F0072FA8C /* NetDataManager.swift */ = {isa = PBXFileReference; lastKnownFileType = sourcecode.swift; path = NetDataManager.swift; sourceTree = "<group>"; };
		7365DF112B67E1D80072FA8C /* FactsViewPresenter.swift */ = {isa = PBXFileReference; lastKnownFileType = sourcecode.swift; path = FactsViewPresenter.swift; sourceTree = "<group>"; };
		7365DF142B67E3390072FA8C /* SettingsViewPresenter.swift */ = {isa = PBXFileReference; lastKnownFileType = sourcecode.swift; path = SettingsViewPresenter.swift; sourceTree = "<group>"; };
		7365DF162B67E70C0072FA8C /* SingleFactViewPresenter.swift */ = {isa = PBXFileReference; lastKnownFileType = sourcecode.swift; path = SingleFactViewPresenter.swift; sourceTree = "<group>"; };
		736CDEA22B26F13B0037BA84 /* SingleFactEditingViewController.swift */ = {isa = PBXFileReference; lastKnownFileType = sourcecode.swift; path = SingleFactEditingViewController.swift; sourceTree = "<group>"; };
		736CDEA42B27490D0037BA84 /* CFABaseButton.swift */ = {isa = PBXFileReference; lastKnownFileType = sourcecode.swift; path = CFABaseButton.swift; sourceTree = "<group>"; };
		737904C22B25E8C7001389C5 /* SingleFactShowingViewController.swift */ = {isa = PBXFileReference; lastKnownFileType = sourcecode.swift; path = SingleFactShowingViewController.swift; sourceTree = "<group>"; };
		737D0E882B21C91D0081BD68 /* Resources.swift */ = {isa = PBXFileReference; lastKnownFileType = sourcecode.swift; path = Resources.swift; sourceTree = "<group>"; };
		73826F752B20948200A26E00 /* CatFactsApp.app */ = {isa = PBXFileReference; explicitFileType = wrapper.application; includeInIndex = 0; path = CatFactsApp.app; sourceTree = BUILT_PRODUCTS_DIR; };
		73826F782B20948200A26E00 /* AppDelegate.swift */ = {isa = PBXFileReference; lastKnownFileType = sourcecode.swift; path = AppDelegate.swift; sourceTree = "<group>"; };
		73826F7A2B20948200A26E00 /* SceneDelegate.swift */ = {isa = PBXFileReference; lastKnownFileType = sourcecode.swift; path = SceneDelegate.swift; sourceTree = "<group>"; };
		73826F7C2B20948200A26E00 /* TabBarController.swift */ = {isa = PBXFileReference; lastKnownFileType = sourcecode.swift; path = TabBarController.swift; sourceTree = "<group>"; };
		73826F812B20948400A26E00 /* Assets.xcassets */ = {isa = PBXFileReference; lastKnownFileType = folder.assetcatalog; path = Assets.xcassets; sourceTree = "<group>"; };
		73826F842B20948400A26E00 /* Base */ = {isa = PBXFileReference; lastKnownFileType = file.storyboard; name = Base; path = Base.lproj/LaunchScreen.storyboard; sourceTree = "<group>"; };
		73826F862B20948400A26E00 /* Info.plist */ = {isa = PBXFileReference; lastKnownFileType = text.plist.xml; path = Info.plist; sourceTree = "<group>"; };
		73826F8B2B20948400A26E00 /* CatFactsAppTests.xctest */ = {isa = PBXFileReference; explicitFileType = wrapper.cfbundle; includeInIndex = 0; path = CatFactsAppTests.xctest; sourceTree = BUILT_PRODUCTS_DIR; };
		73826F8F2B20948400A26E00 /* CatFactsAppTests.swift */ = {isa = PBXFileReference; lastKnownFileType = sourcecode.swift; path = CatFactsAppTests.swift; sourceTree = "<group>"; };
		73826F952B20948500A26E00 /* CatFactsAppUITests.xctest */ = {isa = PBXFileReference; explicitFileType = wrapper.cfbundle; includeInIndex = 0; path = CatFactsAppUITests.xctest; sourceTree = BUILT_PRODUCTS_DIR; };
		73826F992B20948500A26E00 /* CatFactsAppUITests.swift */ = {isa = PBXFileReference; lastKnownFileType = sourcecode.swift; path = CatFactsAppUITests.swift; sourceTree = "<group>"; };
		73826F9B2B20948500A26E00 /* CatFactsAppUITestsLaunchTests.swift */ = {isa = PBXFileReference; lastKnownFileType = sourcecode.swift; path = CatFactsAppUITestsLaunchTests.swift; sourceTree = "<group>"; };
		738548D22B21E96200A32156 /* FactsViewController.swift */ = {isa = PBXFileReference; lastKnownFileType = sourcecode.swift; path = FactsViewController.swift; sourceTree = "<group>"; };
		738548D42B21EB0400A32156 /* SettingsViewController.swift */ = {isa = PBXFileReference; lastKnownFileType = sourcecode.swift; path = SettingsViewController.swift; sourceTree = "<group>"; };
		738548DB2B21FB6000A32156 /* Fact.swift */ = {isa = PBXFileReference; lastKnownFileType = sourcecode.swift; path = Fact.swift; sourceTree = "<group>"; };
		738548E02B2206C900A32156 /* NavBarController.swift */ = {isa = PBXFileReference; lastKnownFileType = sourcecode.swift; path = NavBarController.swift; sourceTree = "<group>"; };
		738548E22B2208A100A32156 /* UIView + Ext.swift */ = {isa = PBXFileReference; lastKnownFileType = sourcecode.swift; path = "UIView + Ext.swift"; sourceTree = "<group>"; };
		738E601F2B3D6D1500B4DE56 /* MTUserDefaults.swift */ = {isa = PBXFileReference; lastKnownFileType = sourcecode.swift; path = MTUserDefaults.swift; sourceTree = "<group>"; };
		73921E3A2B286DC9005D5D44 /* NetworkingService.swift */ = {isa = PBXFileReference; lastKnownFileType = sourcecode.swift; path = NetworkingService.swift; sourceTree = "<group>"; };
		73984C272B3C0C250082385E /* SettingsCollectionViewCell.swift */ = {isa = PBXFileReference; lastKnownFileType = sourcecode.swift; path = SettingsCollectionViewCell.swift; sourceTree = "<group>"; };
		73984C292B3C1B210082385E /* SettingsCollectionView.swift */ = {isa = PBXFileReference; lastKnownFileType = sourcecode.swift; path = SettingsCollectionView.swift; sourceTree = "<group>"; };
		7398B6712B32D0EA00089EBD /* Model.xcdatamodel */ = {isa = PBXFileReference; lastKnownFileType = wrapper.xcdatamodel; path = Model.xcdatamodel; sourceTree = "<group>"; };
		73B3EFAC2B35BED90072627B /* UserFact + Ext.swift */ = {isa = PBXFileReference; lastKnownFileType = sourcecode.swift; path = "UserFact + Ext.swift"; sourceTree = "<group>"; };
		73B3EFAE2B35BEEA0072627B /* SavedFact + Ext.swift */ = {isa = PBXFileReference; lastKnownFileType = sourcecode.swift; path = "SavedFact + Ext.swift"; sourceTree = "<group>"; };
/* End PBXFileReference section */

/* Begin PBXFrameworksBuildPhase section */
		73826F722B20948200A26E00 /* Frameworks */ = {
			isa = PBXFrameworksBuildPhase;
			buildActionMask = 2147483647;
			files = (
				7333771C2B62DEF2000A0511 /* SnapKit in Frameworks */,
			);
			runOnlyForDeploymentPostprocessing = 0;
		};
		73826F882B20948400A26E00 /* Frameworks */ = {
			isa = PBXFrameworksBuildPhase;
			buildActionMask = 2147483647;
			files = (
			);
			runOnlyForDeploymentPostprocessing = 0;
		};
		73826F922B20948500A26E00 /* Frameworks */ = {
			isa = PBXFrameworksBuildPhase;
			buildActionMask = 2147483647;
			files = (
			);
			runOnlyForDeploymentPostprocessing = 0;
		};
/* End PBXFrameworksBuildPhase section */

/* Begin PBXGroup section */
		73022F2F2B22F66900972959 /* Base */ = {
			isa = PBXGroup;
			children = (
				73022F2D2B22F5AD00972959 /* CFABaseController.swift */,
				736CDEA42B27490D0037BA84 /* CFABaseButton.swift */,
			);
			path = Base;
			sourceTree = "<group>";
		};
		7365DF182B67E8C10072FA8C /* FactsView */ = {
			isa = PBXGroup;
			children = (
				7365DF112B67E1D80072FA8C /* FactsViewPresenter.swift */,
				738548D22B21E96200A32156 /* FactsViewController.swift */,
				73022F302B23316700972959 /* FactsTableViewCell.swift */,
			);
			path = FactsView;
			sourceTree = "<group>";
		};
		7365DF192B67E8D80072FA8C /* SingleFact */ = {
			isa = PBXGroup;
			children = (
				7365DF162B67E70C0072FA8C /* SingleFactViewPresenter.swift */,
				736CDEA22B26F13B0037BA84 /* SingleFactEditingViewController.swift */,
				737904C22B25E8C7001389C5 /* SingleFactShowingViewController.swift */,
			);
			path = SingleFact;
			sourceTree = "<group>";
		};
		737904C02B25E82E001389C5 /* FactsViewsGroup */ = {
			isa = PBXGroup;
			children = (
				7365DF182B67E8C10072FA8C /* FactsView */,
				7365DF192B67E8D80072FA8C /* SingleFact */,
			);
			path = FactsViewsGroup;
			sourceTree = "<group>";
		};
		737904C12B25E851001389C5 /* SettingsViewsGroup */ = {
			isa = PBXGroup;
			children = (
				7365DF142B67E3390072FA8C /* SettingsViewPresenter.swift */,
				738548D42B21EB0400A32156 /* SettingsViewController.swift */,
				73984C2B2B3C42990082385E /* CollectionView */,
			);
			path = SettingsViewsGroup;
			sourceTree = "<group>";
		};
		737D0E8A2B21C92A0081BD68 /* Helpers */ = {
			isa = PBXGroup;
			children = (
				737D0E8B2B21CA930081BD68 /* Extensions */,
				737D0E882B21C91D0081BD68 /* Resources.swift */,
			);
			path = Helpers;
			sourceTree = "<group>";
		};
		737D0E8B2B21CA930081BD68 /* Extensions */ = {
			isa = PBXGroup;
			children = (
				738548E22B2208A100A32156 /* UIView + Ext.swift */,
			);
			path = Extensions;
			sourceTree = "<group>";
		};
		73826F6C2B20948200A26E00 = {
			isa = PBXGroup;
			children = (
				73826F772B20948200A26E00 /* CatFactsApp */,
				73826F8E2B20948400A26E00 /* CatFactsAppTests */,
				73826F982B20948500A26E00 /* CatFactsAppUITests */,
				73826F762B20948200A26E00 /* Products */,
			);
			sourceTree = "<group>";
		};
		73826F762B20948200A26E00 /* Products */ = {
			isa = PBXGroup;
			children = (
				73826F752B20948200A26E00 /* CatFactsApp.app */,
				73826F8B2B20948400A26E00 /* CatFactsAppTests.xctest */,
				73826F952B20948500A26E00 /* CatFactsAppUITests.xctest */,
			);
			name = Products;
			sourceTree = "<group>";
		};
		73826F772B20948200A26E00 /* CatFactsApp */ = {
			isa = PBXGroup;
			children = (
				738548DA2B21FA8000A32156 /* Model */,
				738548D62B21FA1600A32156 /* Views */,
				737D0E8A2B21C92A0081BD68 /* Helpers */,
				73826FA92B20AD4700A26E00 /* Application */,
				73826FA82B20AD1200A26E00 /* SupportingFiles */,
			);
			path = CatFactsApp;
			sourceTree = "<group>";
		};
		73826F8E2B20948400A26E00 /* CatFactsAppTests */ = {
			isa = PBXGroup;
			children = (
				73826F8F2B20948400A26E00 /* CatFactsAppTests.swift */,
			);
			path = CatFactsAppTests;
			sourceTree = "<group>";
		};
		73826F982B20948500A26E00 /* CatFactsAppUITests */ = {
			isa = PBXGroup;
			children = (
				73826F992B20948500A26E00 /* CatFactsAppUITests.swift */,
				73826F9B2B20948500A26E00 /* CatFactsAppUITestsLaunchTests.swift */,
			);
			path = CatFactsAppUITests;
			sourceTree = "<group>";
		};
		73826FA82B20AD1200A26E00 /* SupportingFiles */ = {
			isa = PBXGroup;
			children = (
				73826F812B20948400A26E00 /* Assets.xcassets */,
				73826F832B20948400A26E00 /* LaunchScreen.storyboard */,
				73826F862B20948400A26E00 /* Info.plist */,
			);
			path = SupportingFiles;
			sourceTree = "<group>";
		};
		73826FA92B20AD4700A26E00 /* Application */ = {
			isa = PBXGroup;
			children = (
				73826F782B20948200A26E00 /* AppDelegate.swift */,
				73826F7A2B20948200A26E00 /* SceneDelegate.swift */,
			);
			path = Application;
			sourceTree = "<group>";
		};
		738548D62B21FA1600A32156 /* Views */ = {
			isa = PBXGroup;
			children = (
				73022F2F2B22F66900972959 /* Base */,
				73826F7C2B20948200A26E00 /* TabBarController.swift */,
				738548E02B2206C900A32156 /* NavBarController.swift */,
				737904C02B25E82E001389C5 /* FactsViewsGroup */,
				737904C12B25E851001389C5 /* SettingsViewsGroup */,
			);
			path = Views;
			sourceTree = "<group>";
		};
		738548DA2B21FA8000A32156 /* Model */ = {
			isa = PBXGroup;
			children = (
				73B3EFAB2B35BEB90072627B /* CoreDataModel */,
				7365DF0F2B67D54F0072FA8C /* NetDataManager.swift */,
				7365DF0D2B67D53A0072FA8C /* CoreDataManager.swift */,
				73921E3A2B286DC9005D5D44 /* NetworkingService.swift */,
				738548DB2B21FB6000A32156 /* Fact.swift */,
				738E601F2B3D6D1500B4DE56 /* MTUserDefaults.swift */,
			);
			path = Model;
			sourceTree = "<group>";
		};
		73984C2B2B3C42990082385E /* CollectionView */ = {
			isa = PBXGroup;
			children = (
				73984C292B3C1B210082385E /* SettingsCollectionView.swift */,
				73984C272B3C0C250082385E /* SettingsCollectionViewCell.swift */,
			);
			path = CollectionView;
			sourceTree = "<group>";
		};
		73B3EFAB2B35BEB90072627B /* CoreDataModel */ = {
			isa = PBXGroup;
			children = (
				7398B6702B32D0EA00089EBD /* Model.xcdatamodeld */,
				73B3EFAE2B35BEEA0072627B /* SavedFact + Ext.swift */,
				73B3EFAC2B35BED90072627B /* UserFact + Ext.swift */,
			);
			path = CoreDataModel;
			sourceTree = "<group>";
		};
/* End PBXGroup section */

/* Begin PBXNativeTarget section */
		73826F742B20948200A26E00 /* CatFactsApp */ = {
			isa = PBXNativeTarget;
			buildConfigurationList = 73826F9F2B20948500A26E00 /* Build configuration list for PBXNativeTarget "CatFactsApp" */;
			buildPhases = (
				73826F712B20948200A26E00 /* Sources */,
				73826F722B20948200A26E00 /* Frameworks */,
				73826F732B20948200A26E00 /* Resources */,
			);
			buildRules = (
			);
			dependencies = (
			);
			name = CatFactsApp;
			packageProductDependencies = (
				7333771B2B62DEF2000A0511 /* SnapKit */,
			);
			productName = CatFactsApp;
			productReference = 73826F752B20948200A26E00 /* CatFactsApp.app */;
			productType = "com.apple.product-type.application";
		};
		73826F8A2B20948400A26E00 /* CatFactsAppTests */ = {
			isa = PBXNativeTarget;
			buildConfigurationList = 73826FA22B20948500A26E00 /* Build configuration list for PBXNativeTarget "CatFactsAppTests" */;
			buildPhases = (
				73826F872B20948400A26E00 /* Sources */,
				73826F882B20948400A26E00 /* Frameworks */,
				73826F892B20948400A26E00 /* Resources */,
			);
			buildRules = (
			);
			dependencies = (
				73826F8D2B20948400A26E00 /* PBXTargetDependency */,
			);
			name = CatFactsAppTests;
			productName = CatFactsAppTests;
			productReference = 73826F8B2B20948400A26E00 /* CatFactsAppTests.xctest */;
			productType = "com.apple.product-type.bundle.unit-test";
		};
		73826F942B20948500A26E00 /* CatFactsAppUITests */ = {
			isa = PBXNativeTarget;
			buildConfigurationList = 73826FA52B20948500A26E00 /* Build configuration list for PBXNativeTarget "CatFactsAppUITests" */;
			buildPhases = (
				73826F912B20948500A26E00 /* Sources */,
				73826F922B20948500A26E00 /* Frameworks */,
				73826F932B20948500A26E00 /* Resources */,
			);
			buildRules = (
			);
			dependencies = (
				73826F972B20948500A26E00 /* PBXTargetDependency */,
			);
			name = CatFactsAppUITests;
			productName = CatFactsAppUITests;
			productReference = 73826F952B20948500A26E00 /* CatFactsAppUITests.xctest */;
			productType = "com.apple.product-type.bundle.ui-testing";
		};
/* End PBXNativeTarget section */

/* Begin PBXProject section */
		73826F6D2B20948200A26E00 /* Project object */ = {
			isa = PBXProject;
			attributes = {
				BuildIndependentTargetsInParallel = 1;
				LastSwiftUpdateCheck = 1320;
				LastUpgradeCheck = 1320;
				TargetAttributes = {
					73826F742B20948200A26E00 = {
						CreatedOnToolsVersion = 13.2.1;
					};
					73826F8A2B20948400A26E00 = {
						CreatedOnToolsVersion = 13.2.1;
						TestTargetID = 73826F742B20948200A26E00;
					};
					73826F942B20948500A26E00 = {
						CreatedOnToolsVersion = 13.2.1;
						TestTargetID = 73826F742B20948200A26E00;
					};
				};
			};
			buildConfigurationList = 73826F702B20948200A26E00 /* Build configuration list for PBXProject "CatFactsApp" */;
			compatibilityVersion = "Xcode 13.0";
			developmentRegion = en;
			hasScannedForEncodings = 0;
			knownRegions = (
				en,
				Base,
			);
			mainGroup = 73826F6C2B20948200A26E00;
			packageReferences = (
				7333771A2B62DEF2000A0511 /* XCRemoteSwiftPackageReference "SnapKit" */,
			);
			productRefGroup = 73826F762B20948200A26E00 /* Products */;
			projectDirPath = "";
			projectRoot = "";
			targets = (
				73826F742B20948200A26E00 /* CatFactsApp */,
				73826F8A2B20948400A26E00 /* CatFactsAppTests */,
				73826F942B20948500A26E00 /* CatFactsAppUITests */,
			);
		};
/* End PBXProject section */

/* Begin PBXResourcesBuildPhase section */
		73826F732B20948200A26E00 /* Resources */ = {
			isa = PBXResourcesBuildPhase;
			buildActionMask = 2147483647;
			files = (
				73826F852B20948400A26E00 /* LaunchScreen.storyboard in Resources */,
				73826F822B20948400A26E00 /* Assets.xcassets in Resources */,
			);
			runOnlyForDeploymentPostprocessing = 0;
		};
		73826F892B20948400A26E00 /* Resources */ = {
			isa = PBXResourcesBuildPhase;
			buildActionMask = 2147483647;
			files = (
			);
			runOnlyForDeploymentPostprocessing = 0;
		};
		73826F932B20948500A26E00 /* Resources */ = {
			isa = PBXResourcesBuildPhase;
			buildActionMask = 2147483647;
			files = (
			);
			runOnlyForDeploymentPostprocessing = 0;
		};
/* End PBXResourcesBuildPhase section */

/* Begin PBXSourcesBuildPhase section */
		73826F712B20948200A26E00 /* Sources */ = {
			isa = PBXSourcesBuildPhase;
			buildActionMask = 2147483647;
			files = (
				73022F312B23316700972959 /* FactsTableViewCell.swift in Sources */,
				73826F7D2B20948200A26E00 /* TabBarController.swift in Sources */,
				736CDEA52B27490D0037BA84 /* CFABaseButton.swift in Sources */,
				737D0E892B21C91D0081BD68 /* Resources.swift in Sources */,
				738548E32B2208A100A32156 /* UIView + Ext.swift in Sources */,
				7365DF152B67E3390072FA8C /* SettingsViewPresenter.swift in Sources */,
				738548E12B2206C900A32156 /* NavBarController.swift in Sources */,
				7365DF102B67D54F0072FA8C /* NetDataManager.swift in Sources */,
				738548D52B21EB0400A32156 /* SettingsViewController.swift in Sources */,
				738548DC2B21FB6000A32156 /* Fact.swift in Sources */,
				7365DF122B67E1D80072FA8C /* FactsViewPresenter.swift in Sources */,
				737904C32B25E8C7001389C5 /* SingleFactShowingViewController.swift in Sources */,
				73B3EFAD2B35BED90072627B /* UserFact + Ext.swift in Sources */,
				738E60202B3D6D1500B4DE56 /* MTUserDefaults.swift in Sources */,
				738548D32B21E96200A32156 /* FactsViewController.swift in Sources */,
				736CDEA32B26F13B0037BA84 /* SingleFactEditingViewController.swift in Sources */,
				73984C2A2B3C1B210082385E /* SettingsCollectionView.swift in Sources */,
				73826F792B20948200A26E00 /* AppDelegate.swift in Sources */,
				73921E3B2B286DC9005D5D44 /* NetworkingService.swift in Sources */,
				7365DF0E2B67D53A0072FA8C /* CoreDataManager.swift in Sources */,
				7365DF172B67E70C0072FA8C /* SingleFactViewPresenter.swift in Sources */,
				73B3EFAF2B35BEEA0072627B /* SavedFact + Ext.swift in Sources */,
				7398B6722B32D0EA00089EBD /* Model.xcdatamodeld in Sources */,
				73826F7B2B20948200A26E00 /* SceneDelegate.swift in Sources */,
				73022F2E2B22F5AD00972959 /* CFABaseController.swift in Sources */,
				73984C282B3C0C250082385E /* SettingsCollectionViewCell.swift in Sources */,
			);
			runOnlyForDeploymentPostprocessing = 0;
		};
		73826F872B20948400A26E00 /* Sources */ = {
			isa = PBXSourcesBuildPhase;
			buildActionMask = 2147483647;
			files = (
				73826F902B20948400A26E00 /* CatFactsAppTests.swift in Sources */,
			);
			runOnlyForDeploymentPostprocessing = 0;
		};
		73826F912B20948500A26E00 /* Sources */ = {
			isa = PBXSourcesBuildPhase;
			buildActionMask = 2147483647;
			files = (
				73826F9A2B20948500A26E00 /* CatFactsAppUITests.swift in Sources */,
				73826F9C2B20948500A26E00 /* CatFactsAppUITestsLaunchTests.swift in Sources */,
			);
			runOnlyForDeploymentPostprocessing = 0;
		};
/* End PBXSourcesBuildPhase section */

/* Begin PBXTargetDependency section */
		73826F8D2B20948400A26E00 /* PBXTargetDependency */ = {
			isa = PBXTargetDependency;
			target = 73826F742B20948200A26E00 /* CatFactsApp */;
			targetProxy = 73826F8C2B20948400A26E00 /* PBXContainerItemProxy */;
		};
		73826F972B20948500A26E00 /* PBXTargetDependency */ = {
			isa = PBXTargetDependency;
			target = 73826F742B20948200A26E00 /* CatFactsApp */;
			targetProxy = 73826F962B20948500A26E00 /* PBXContainerItemProxy */;
		};
/* End PBXTargetDependency section */

/* Begin PBXVariantGroup section */
		73826F832B20948400A26E00 /* LaunchScreen.storyboard */ = {
			isa = PBXVariantGroup;
			children = (
				73826F842B20948400A26E00 /* Base */,
			);
			name = LaunchScreen.storyboard;
			sourceTree = "<group>";
		};
/* End PBXVariantGroup section */

/* Begin XCBuildConfiguration section */
		73826F9D2B20948500A26E00 /* Debug */ = {
			isa = XCBuildConfiguration;
			buildSettings = {
				ALWAYS_SEARCH_USER_PATHS = NO;
				CLANG_ANALYZER_NONNULL = YES;
				CLANG_ANALYZER_NUMBER_OBJECT_CONVERSION = YES_AGGRESSIVE;
				CLANG_CXX_LANGUAGE_STANDARD = "gnu++17";
				CLANG_CXX_LIBRARY = "libc++";
				CLANG_ENABLE_MODULES = YES;
				CLANG_ENABLE_OBJC_ARC = YES;
				CLANG_ENABLE_OBJC_WEAK = YES;
				CLANG_WARN_BLOCK_CAPTURE_AUTORELEASING = YES;
				CLANG_WARN_BOOL_CONVERSION = YES;
				CLANG_WARN_COMMA = YES;
				CLANG_WARN_CONSTANT_CONVERSION = YES;
				CLANG_WARN_DEPRECATED_OBJC_IMPLEMENTATIONS = YES;
				CLANG_WARN_DIRECT_OBJC_ISA_USAGE = YES_ERROR;
				CLANG_WARN_DOCUMENTATION_COMMENTS = YES;
				CLANG_WARN_EMPTY_BODY = YES;
				CLANG_WARN_ENUM_CONVERSION = YES;
				CLANG_WARN_INFINITE_RECURSION = YES;
				CLANG_WARN_INT_CONVERSION = YES;
				CLANG_WARN_NON_LITERAL_NULL_CONVERSION = YES;
				CLANG_WARN_OBJC_IMPLICIT_RETAIN_SELF = YES;
				CLANG_WARN_OBJC_LITERAL_CONVERSION = YES;
				CLANG_WARN_OBJC_ROOT_CLASS = YES_ERROR;
				CLANG_WARN_QUOTED_INCLUDE_IN_FRAMEWORK_HEADER = YES;
				CLANG_WARN_RANGE_LOOP_ANALYSIS = YES;
				CLANG_WARN_STRICT_PROTOTYPES = YES;
				CLANG_WARN_SUSPICIOUS_MOVE = YES;
				CLANG_WARN_UNGUARDED_AVAILABILITY = YES_AGGRESSIVE;
				CLANG_WARN_UNREACHABLE_CODE = YES;
				CLANG_WARN__DUPLICATE_METHOD_MATCH = YES;
				COPY_PHASE_STRIP = NO;
				DEBUG_INFORMATION_FORMAT = dwarf;
				ENABLE_STRICT_OBJC_MSGSEND = YES;
				ENABLE_TESTABILITY = YES;
				GCC_C_LANGUAGE_STANDARD = gnu11;
				GCC_DYNAMIC_NO_PIC = NO;
				GCC_NO_COMMON_BLOCKS = YES;
				GCC_OPTIMIZATION_LEVEL = 0;
				GCC_PREPROCESSOR_DEFINITIONS = (
					"DEBUG=1",
					"$(inherited)",
				);
				GCC_WARN_64_TO_32_BIT_CONVERSION = YES;
				GCC_WARN_ABOUT_RETURN_TYPE = YES_ERROR;
				GCC_WARN_UNDECLARED_SELECTOR = YES;
				GCC_WARN_UNINITIALIZED_AUTOS = YES_AGGRESSIVE;
				GCC_WARN_UNUSED_FUNCTION = YES;
				GCC_WARN_UNUSED_VARIABLE = YES;
				IPHONEOS_DEPLOYMENT_TARGET = 15.2;
				MTL_ENABLE_DEBUG_INFO = INCLUDE_SOURCE;
				MTL_FAST_MATH = YES;
				ONLY_ACTIVE_ARCH = YES;
				SDKROOT = iphoneos;
				SWIFT_ACTIVE_COMPILATION_CONDITIONS = DEBUG;
				SWIFT_OPTIMIZATION_LEVEL = "-Onone";
			};
			name = Debug;
		};
		73826F9E2B20948500A26E00 /* Release */ = {
			isa = XCBuildConfiguration;
			buildSettings = {
				ALWAYS_SEARCH_USER_PATHS = NO;
				CLANG_ANALYZER_NONNULL = YES;
				CLANG_ANALYZER_NUMBER_OBJECT_CONVERSION = YES_AGGRESSIVE;
				CLANG_CXX_LANGUAGE_STANDARD = "gnu++17";
				CLANG_CXX_LIBRARY = "libc++";
				CLANG_ENABLE_MODULES = YES;
				CLANG_ENABLE_OBJC_ARC = YES;
				CLANG_ENABLE_OBJC_WEAK = YES;
				CLANG_WARN_BLOCK_CAPTURE_AUTORELEASING = YES;
				CLANG_WARN_BOOL_CONVERSION = YES;
				CLANG_WARN_COMMA = YES;
				CLANG_WARN_CONSTANT_CONVERSION = YES;
				CLANG_WARN_DEPRECATED_OBJC_IMPLEMENTATIONS = YES;
				CLANG_WARN_DIRECT_OBJC_ISA_USAGE = YES_ERROR;
				CLANG_WARN_DOCUMENTATION_COMMENTS = YES;
				CLANG_WARN_EMPTY_BODY = YES;
				CLANG_WARN_ENUM_CONVERSION = YES;
				CLANG_WARN_INFINITE_RECURSION = YES;
				CLANG_WARN_INT_CONVERSION = YES;
				CLANG_WARN_NON_LITERAL_NULL_CONVERSION = YES;
				CLANG_WARN_OBJC_IMPLICIT_RETAIN_SELF = YES;
				CLANG_WARN_OBJC_LITERAL_CONVERSION = YES;
				CLANG_WARN_OBJC_ROOT_CLASS = YES_ERROR;
				CLANG_WARN_QUOTED_INCLUDE_IN_FRAMEWORK_HEADER = YES;
				CLANG_WARN_RANGE_LOOP_ANALYSIS = YES;
				CLANG_WARN_STRICT_PROTOTYPES = YES;
				CLANG_WARN_SUSPICIOUS_MOVE = YES;
				CLANG_WARN_UNGUARDED_AVAILABILITY = YES_AGGRESSIVE;
				CLANG_WARN_UNREACHABLE_CODE = YES;
				CLANG_WARN__DUPLICATE_METHOD_MATCH = YES;
				COPY_PHASE_STRIP = NO;
				DEBUG_INFORMATION_FORMAT = "dwarf-with-dsym";
				ENABLE_NS_ASSERTIONS = NO;
				ENABLE_STRICT_OBJC_MSGSEND = YES;
				GCC_C_LANGUAGE_STANDARD = gnu11;
				GCC_NO_COMMON_BLOCKS = YES;
				GCC_WARN_64_TO_32_BIT_CONVERSION = YES;
				GCC_WARN_ABOUT_RETURN_TYPE = YES_ERROR;
				GCC_WARN_UNDECLARED_SELECTOR = YES;
				GCC_WARN_UNINITIALIZED_AUTOS = YES_AGGRESSIVE;
				GCC_WARN_UNUSED_FUNCTION = YES;
				GCC_WARN_UNUSED_VARIABLE = YES;
				IPHONEOS_DEPLOYMENT_TARGET = 15.2;
				MTL_ENABLE_DEBUG_INFO = NO;
				MTL_FAST_MATH = YES;
				SDKROOT = iphoneos;
				SWIFT_COMPILATION_MODE = wholemodule;
				SWIFT_OPTIMIZATION_LEVEL = "-O";
				VALIDATE_PRODUCT = YES;
			};
			name = Release;
		};
		73826FA02B20948500A26E00 /* Debug */ = {
			isa = XCBuildConfiguration;
			buildSettings = {
				ASSETCATALOG_COMPILER_APPICON_NAME = AppIcon;
				ASSETCATALOG_COMPILER_GLOBAL_ACCENT_COLOR_NAME = AccentColor;
				CODE_SIGN_STYLE = Automatic;
				CURRENT_PROJECT_VERSION = 1;
				DEVELOPMENT_TEAM = K3MH22V3Y9;
				GENERATE_INFOPLIST_FILE = YES;
				INFOPLIST_FILE = CatFactsApp/SupportingFiles/Info.plist;
				INFOPLIST_KEY_UIApplicationSupportsIndirectInputEvents = YES;
				INFOPLIST_KEY_UILaunchStoryboardName = LaunchScreen;
				INFOPLIST_KEY_UISupportedInterfaceOrientations_iPad = "UIInterfaceOrientationPortrait UIInterfaceOrientationPortraitUpsideDown UIInterfaceOrientationLandscapeLeft UIInterfaceOrientationLandscapeRight";
				INFOPLIST_KEY_UISupportedInterfaceOrientations_iPhone = "UIInterfaceOrientationPortrait UIInterfaceOrientationLandscapeLeft UIInterfaceOrientationLandscapeRight";
				IPHONEOS_DEPLOYMENT_TARGET = 15.2;
				LD_RUNPATH_SEARCH_PATHS = (
					"$(inherited)",
					"@executable_path/Frameworks",
				);
				MARKETING_VERSION = 1.0;
				PRODUCT_BUNDLE_IDENTIFIER = pieces.CatFactsApp;
				PRODUCT_NAME = "$(TARGET_NAME)";
				SWIFT_EMIT_LOC_STRINGS = YES;
				SWIFT_VERSION = 5.0;
				TARGETED_DEVICE_FAMILY = 1;
			};
			name = Debug;
		};
		73826FA12B20948500A26E00 /* Release */ = {
			isa = XCBuildConfiguration;
			buildSettings = {
				ASSETCATALOG_COMPILER_APPICON_NAME = AppIcon;
				ASSETCATALOG_COMPILER_GLOBAL_ACCENT_COLOR_NAME = AccentColor;
				CODE_SIGN_STYLE = Automatic;
				CURRENT_PROJECT_VERSION = 1;
				DEVELOPMENT_TEAM = K3MH22V3Y9;
				GENERATE_INFOPLIST_FILE = YES;
				INFOPLIST_FILE = CatFactsApp/SupportingFiles/Info.plist;
				INFOPLIST_KEY_UIApplicationSupportsIndirectInputEvents = YES;
				INFOPLIST_KEY_UILaunchStoryboardName = LaunchScreen;
				INFOPLIST_KEY_UISupportedInterfaceOrientations_iPad = "UIInterfaceOrientationPortrait UIInterfaceOrientationPortraitUpsideDown UIInterfaceOrientationLandscapeLeft UIInterfaceOrientationLandscapeRight";
				INFOPLIST_KEY_UISupportedInterfaceOrientations_iPhone = "UIInterfaceOrientationPortrait UIInterfaceOrientationLandscapeLeft UIInterfaceOrientationLandscapeRight";
				IPHONEOS_DEPLOYMENT_TARGET = 15.2;
				LD_RUNPATH_SEARCH_PATHS = (
					"$(inherited)",
					"@executable_path/Frameworks",
				);
				MARKETING_VERSION = 1.0;
				PRODUCT_BUNDLE_IDENTIFIER = pieces.CatFactsApp;
				PRODUCT_NAME = "$(TARGET_NAME)";
				SWIFT_EMIT_LOC_STRINGS = YES;
				SWIFT_VERSION = 5.0;
				TARGETED_DEVICE_FAMILY = 1;
			};
			name = Release;
		};
		73826FA32B20948500A26E00 /* Debug */ = {
			isa = XCBuildConfiguration;
			buildSettings = {
				ALWAYS_EMBED_SWIFT_STANDARD_LIBRARIES = YES;
				BUNDLE_LOADER = "$(TEST_HOST)";
				CODE_SIGN_STYLE = Automatic;
				CURRENT_PROJECT_VERSION = 1;
				GENERATE_INFOPLIST_FILE = YES;
				IPHONEOS_DEPLOYMENT_TARGET = 15.2;
				MARKETING_VERSION = 1.0;
				PRODUCT_BUNDLE_IDENTIFIER = pieces.CatFactsAppTests;
				PRODUCT_NAME = "$(TARGET_NAME)";
				SWIFT_EMIT_LOC_STRINGS = NO;
				SWIFT_VERSION = 5.0;
				TARGETED_DEVICE_FAMILY = "1,2";
				TEST_HOST = "$(BUILT_PRODUCTS_DIR)/CatFactsApp.app/CatFactsApp";
			};
			name = Debug;
		};
		73826FA42B20948500A26E00 /* Release */ = {
			isa = XCBuildConfiguration;
			buildSettings = {
				ALWAYS_EMBED_SWIFT_STANDARD_LIBRARIES = YES;
				BUNDLE_LOADER = "$(TEST_HOST)";
				CODE_SIGN_STYLE = Automatic;
				CURRENT_PROJECT_VERSION = 1;
				GENERATE_INFOPLIST_FILE = YES;
				IPHONEOS_DEPLOYMENT_TARGET = 15.2;
				MARKETING_VERSION = 1.0;
				PRODUCT_BUNDLE_IDENTIFIER = pieces.CatFactsAppTests;
				PRODUCT_NAME = "$(TARGET_NAME)";
				SWIFT_EMIT_LOC_STRINGS = NO;
				SWIFT_VERSION = 5.0;
				TARGETED_DEVICE_FAMILY = "1,2";
				TEST_HOST = "$(BUILT_PRODUCTS_DIR)/CatFactsApp.app/CatFactsApp";
			};
			name = Release;
		};
		73826FA62B20948500A26E00 /* Debug */ = {
			isa = XCBuildConfiguration;
			buildSettings = {
				ALWAYS_EMBED_SWIFT_STANDARD_LIBRARIES = YES;
				CODE_SIGN_STYLE = Automatic;
				CURRENT_PROJECT_VERSION = 1;
				GENERATE_INFOPLIST_FILE = YES;
				MARKETING_VERSION = 1.0;
				PRODUCT_BUNDLE_IDENTIFIER = pieces.CatFactsAppUITests;
				PRODUCT_NAME = "$(TARGET_NAME)";
				SWIFT_EMIT_LOC_STRINGS = NO;
				SWIFT_VERSION = 5.0;
				TARGETED_DEVICE_FAMILY = "1,2";
				TEST_TARGET_NAME = CatFactsApp;
			};
			name = Debug;
		};
		73826FA72B20948500A26E00 /* Release */ = {
			isa = XCBuildConfiguration;
			buildSettings = {
				ALWAYS_EMBED_SWIFT_STANDARD_LIBRARIES = YES;
				CODE_SIGN_STYLE = Automatic;
				CURRENT_PROJECT_VERSION = 1;
				GENERATE_INFOPLIST_FILE = YES;
				MARKETING_VERSION = 1.0;
				PRODUCT_BUNDLE_IDENTIFIER = pieces.CatFactsAppUITests;
				PRODUCT_NAME = "$(TARGET_NAME)";
				SWIFT_EMIT_LOC_STRINGS = NO;
				SWIFT_VERSION = 5.0;
				TARGETED_DEVICE_FAMILY = "1,2";
				TEST_TARGET_NAME = CatFactsApp;
			};
			name = Release;
		};
/* End XCBuildConfiguration section */

/* Begin XCConfigurationList section */
		73826F702B20948200A26E00 /* Build configuration list for PBXProject "CatFactsApp" */ = {
			isa = XCConfigurationList;
			buildConfigurations = (
				73826F9D2B20948500A26E00 /* Debug */,
				73826F9E2B20948500A26E00 /* Release */,
			);
			defaultConfigurationIsVisible = 0;
			defaultConfigurationName = Release;
		};
		73826F9F2B20948500A26E00 /* Build configuration list for PBXNativeTarget "CatFactsApp" */ = {
			isa = XCConfigurationList;
			buildConfigurations = (
				73826FA02B20948500A26E00 /* Debug */,
				73826FA12B20948500A26E00 /* Release */,
			);
			defaultConfigurationIsVisible = 0;
			defaultConfigurationName = Release;
		};
		73826FA22B20948500A26E00 /* Build configuration list for PBXNativeTarget "CatFactsAppTests" */ = {
			isa = XCConfigurationList;
			buildConfigurations = (
				73826FA32B20948500A26E00 /* Debug */,
				73826FA42B20948500A26E00 /* Release */,
			);
			defaultConfigurationIsVisible = 0;
			defaultConfigurationName = Release;
		};
		73826FA52B20948500A26E00 /* Build configuration list for PBXNativeTarget "CatFactsAppUITests" */ = {
			isa = XCConfigurationList;
			buildConfigurations = (
				73826FA62B20948500A26E00 /* Debug */,
				73826FA72B20948500A26E00 /* Release */,
			);
			defaultConfigurationIsVisible = 0;
			defaultConfigurationName = Release;
		};
/* End XCConfigurationList section */

/* Begin XCRemoteSwiftPackageReference section */
		7333771A2B62DEF2000A0511 /* XCRemoteSwiftPackageReference "SnapKit" */ = {
			isa = XCRemoteSwiftPackageReference;
			repositoryURL = "https://github.com/SnapKit/SnapKit";
			requirement = {
				kind = upToNextMajorVersion;
				minimumVersion = 5.7.0;
			};
		};
/* End XCRemoteSwiftPackageReference section */

/* Begin XCSwiftPackageProductDependency section */
		7333771B2B62DEF2000A0511 /* SnapKit */ = {
			isa = XCSwiftPackageProductDependency;
			package = 7333771A2B62DEF2000A0511 /* XCRemoteSwiftPackageReference "SnapKit" */;
			productName = SnapKit;
		};
/* End XCSwiftPackageProductDependency section */

/* Begin XCVersionGroup section */
		7398B6702B32D0EA00089EBD /* Model.xcdatamodeld */ = {
			isa = XCVersionGroup;
			children = (
				7398B6712B32D0EA00089EBD /* Model.xcdatamodel */,
			);
			currentVersion = 7398B6712B32D0EA00089EBD /* Model.xcdatamodel */;
			path = Model.xcdatamodeld;
			sourceTree = "<group>";
			versionGroupType = wrapper.xcdatamodel;
		};
/* End XCVersionGroup section */
	};
	rootObject = 73826F6D2B20948200A26E00 /* Project object */;
}
